
Microsoft Visual Studio Solution File, Format Version 12.00
# Visual Studio Version 17
VisualStudioVersion = 17.3.32929.385
MinimumVisualStudioVersion = 10.0.40219.1
Project("{9A19103F-16F7-4668-BE54-9A1E7A4F7556}") = "Core", "Core\Core.csproj", "{991DDFE4-7C61-40BE-96AF-C00A9ECE723E}"
	ProjectSection(ProjectDependencies) = postProject
		{2B785BCC-35A2-43AF-B2EC-6B8D4E898A3E} = {2B785BCC-35A2-43AF-B2EC-6B8D4E898A3E}
	EndProjectSection
EndProject
Project("{9A19103F-16F7-4668-BE54-9A1E7A4F7556}") = "WinUI", "WinUI\WinUI.csproj", "{A97185EC-3344-44E5-AD1C-9A86A977638E}"
EndProject
Project("{9A19103F-16F7-4668-BE54-9A1E7A4F7556}") = "AvaloniaUI", "AvaloniaUI\AvaloniaUI.csproj", "{8B693BA1-6947-49CF-A7EF-B7EF23352120}"
EndProject
Project("{9A19103F-16F7-4668-BE54-9A1E7A4F7556}") = "ViewModels", "ViewModels\ViewModels.csproj", "{A690FEE1-1186-47DD-A4B2-447EB294C47C}"
EndProject
Project("{2150E333-8FDC-42A3-9474-1A3956D46DE8}") = "FuryStudio", "FuryStudio", "{27B26373-36F7-4D55-BBB3-79D08AFC8AEC}"
EndProject
Project("{2150E333-8FDC-42A3-9474-1A3956D46DE8}") = "Core", "Core", "{3D210F39-3AF8-46EF-9297-747A04F80183}"
EndProject
Project("{2150E333-8FDC-42A3-9474-1A3956D46DE8}") = "UI", "UI", "{E2ECA683-FB1D-48DC-B17B-0CE14EA04B8E}"
EndProject
Project("{2150E333-8FDC-42A3-9474-1A3956D46DE8}") = "Tests", "Tests", "{A494883E-8C73-4B15-957B-D8AF0A42DB0C}"
EndProject
Project("{9A19103F-16F7-4668-BE54-9A1E7A4F7556}") = "Core.Interfaces", "Core.Interfaces\Core.Interfaces.csproj", "{2B785BCC-35A2-43AF-B2EC-6B8D4E898A3E}"
EndProject
Project("{9A19103F-16F7-4668-BE54-9A1E7A4F7556}") = "ViewModels.Interfaces", "ViewModels.Interfaces\ViewModels.Interfaces.csproj", "{E6E7C70D-716B-4A5B-9BAB-5F0F74B14DDD}"
EndProject
Project("{9A19103F-16F7-4668-BE54-9A1E7A4F7556}") = "Tests", "Tests\Tests.csproj", "{8C35571A-5988-48C5-B629-094677E7549C}"
EndProject
Project("{9A19103F-16F7-4668-BE54-9A1E7A4F7556}") = "Tests.Utils", "Tests.Utils\Tests.Utils.csproj", "{9A4F4937-24BB-46B1-870A-F3B8E14336A0}"
EndProject
Project("{9A19103F-16F7-4668-BE54-9A1E7A4F7556}") = "Tests.ViewModels", "Tests.ViewModels\Tests.ViewModels.csproj", "{54B3BCD7-BA37-4BC6-8AFE-CE486157FAFB}"
EndProject
Project("{9A19103F-16F7-4668-BE54-9A1E7A4F7556}") = "Tests.Core", "Tests.Core\Tests.Core.csproj", "{AA393EC4-09CC-4D00-A4FC-D3E710DC6E64}"
EndProject
Project("{9A19103F-16F7-4668-BE54-9A1E7A4F7556}") = "Resources", "Resources\Resources.csproj", "{037DD9B4-A5CE-4B67-B3AF-246A209B882A}"
EndProject
Project("{9A19103F-16F7-4668-BE54-9A1E7A4F7556}") = "CS_Samples", "CS_Samples\CS_Samples.csproj", "{E6608B22-B0E9-4001-B960-BE5F0A968EFB}"
EndProject
Project("{9A19103F-16F7-4668-BE54-9A1E7A4F7556}") = "FuryPaint", "FuryPaint\FuryPaint.csproj", "{9AAA9FFE-D366-4EF5-A725-EF7C01D1C005}"
EndProject
Project("{FAE04EC0-301F-11D3-BF4B-00C04F79EFBC}") = "Utils", "UtilsDotNet\Utils.csproj", "{CD922AC7-2CA1-4ED0-AD21-4BB2EEEC26D5}"
EndProject
Global
	GlobalSection(SolutionConfigurationPlatforms) = preSolution
		Debug|Any CPU = Debug|Any CPU
		Debug|x64 = Debug|x64
		Debug|x86 = Debug|x86
		Release|Any CPU = Release|Any CPU
		Release|x64 = Release|x64
		Release|x86 = Release|x86
	EndGlobalSection
	GlobalSection(ProjectConfigurationPlatforms) = postSolution
		{991DDFE4-7C61-40BE-96AF-C00A9ECE723E}.Debug|Any CPU.ActiveCfg = Debug|Any CPU
		{991DDFE4-7C61-40BE-96AF-C00A9ECE723E}.Debug|Any CPU.Build.0 = Debug|Any CPU
		{991DDFE4-7C61-40BE-96AF-C00A9ECE723E}.Debug|x64.ActiveCfg = Debug|Any CPU
		{991DDFE4-7C61-40BE-96AF-C00A9ECE723E}.Debug|x64.Build.0 = Debug|Any CPU
		{991DDFE4-7C61-40BE-96AF-C00A9ECE723E}.Debug|x86.ActiveCfg = Debug|Any CPU
		{991DDFE4-7C61-40BE-96AF-C00A9ECE723E}.Debug|x86.Build.0 = Debug|Any CPU
		{991DDFE4-7C61-40BE-96AF-C00A9ECE723E}.Release|Any CPU.ActiveCfg = Release|Any CPU
		{991DDFE4-7C61-40BE-96AF-C00A9ECE723E}.Release|Any CPU.Build.0 = Release|Any CPU
		{991DDFE4-7C61-40BE-96AF-C00A9ECE723E}.Release|x64.ActiveCfg = Release|Any CPU
		{991DDFE4-7C61-40BE-96AF-C00A9ECE723E}.Release|x64.Build.0 = Release|Any CPU
		{991DDFE4-7C61-40BE-96AF-C00A9ECE723E}.Release|x86.ActiveCfg = Release|Any CPU
		{991DDFE4-7C61-40BE-96AF-C00A9ECE723E}.Release|x86.Build.0 = Release|Any CPU
		{A97185EC-3344-44E5-AD1C-9A86A977638E}.Debug|Any CPU.ActiveCfg = Debug|Any CPU
		{A97185EC-3344-44E5-AD1C-9A86A977638E}.Debug|Any CPU.Build.0 = Debug|Any CPU
		{A97185EC-3344-44E5-AD1C-9A86A977638E}.Debug|x64.ActiveCfg = Debug|Any CPU
		{A97185EC-3344-44E5-AD1C-9A86A977638E}.Debug|x64.Build.0 = Debug|Any CPU
		{A97185EC-3344-44E5-AD1C-9A86A977638E}.Debug|x86.ActiveCfg = Debug|Any CPU
		{A97185EC-3344-44E5-AD1C-9A86A977638E}.Debug|x86.Build.0 = Debug|Any CPU
		{A97185EC-3344-44E5-AD1C-9A86A977638E}.Release|Any CPU.ActiveCfg = Release|Any CPU
		{A97185EC-3344-44E5-AD1C-9A86A977638E}.Release|Any CPU.Build.0 = Release|Any CPU
		{A97185EC-3344-44E5-AD1C-9A86A977638E}.Release|x64.ActiveCfg = Release|Any CPU
		{A97185EC-3344-44E5-AD1C-9A86A977638E}.Release|x64.Build.0 = Release|Any CPU
		{A97185EC-3344-44E5-AD1C-9A86A977638E}.Release|x86.ActiveCfg = Release|Any CPU
		{A97185EC-3344-44E5-AD1C-9A86A977638E}.Release|x86.Build.0 = Release|Any CPU
		{8B693BA1-6947-49CF-A7EF-B7EF23352120}.Debug|Any CPU.ActiveCfg = Debug|Any CPU
		{8B693BA1-6947-49CF-A7EF-B7EF23352120}.Debug|Any CPU.Build.0 = Debug|Any CPU
		{8B693BA1-6947-49CF-A7EF-B7EF23352120}.Debug|x64.ActiveCfg = Debug|Any CPU
		{8B693BA1-6947-49CF-A7EF-B7EF23352120}.Debug|x64.Build.0 = Debug|Any CPU
		{8B693BA1-6947-49CF-A7EF-B7EF23352120}.Debug|x86.ActiveCfg = Debug|Any CPU
		{8B693BA1-6947-49CF-A7EF-B7EF23352120}.Debug|x86.Build.0 = Debug|Any CPU
		{8B693BA1-6947-49CF-A7EF-B7EF23352120}.Release|Any CPU.ActiveCfg = Release|Any CPU
		{8B693BA1-6947-49CF-A7EF-B7EF23352120}.Release|Any CPU.Build.0 = Release|Any CPU
		{8B693BA1-6947-49CF-A7EF-B7EF23352120}.Release|x64.ActiveCfg = Release|Any CPU
		{8B693BA1-6947-49CF-A7EF-B7EF23352120}.Release|x64.Build.0 = Release|Any CPU
		{8B693BA1-6947-49CF-A7EF-B7EF23352120}.Release|x86.ActiveCfg = Release|Any CPU
		{8B693BA1-6947-49CF-A7EF-B7EF23352120}.Release|x86.Build.0 = Release|Any CPU
		{A690FEE1-1186-47DD-A4B2-447EB294C47C}.Debug|Any CPU.ActiveCfg = Debug|Any CPU
		{A690FEE1-1186-47DD-A4B2-447EB294C47C}.Debug|Any CPU.Build.0 = Debug|Any CPU
		{A690FEE1-1186-47DD-A4B2-447EB294C47C}.Debug|x64.ActiveCfg = Debug|Any CPU
		{A690FEE1-1186-47DD-A4B2-447EB294C47C}.Debug|x64.Build.0 = Debug|Any CPU
		{A690FEE1-1186-47DD-A4B2-447EB294C47C}.Debug|x86.ActiveCfg = Debug|Any CPU
		{A690FEE1-1186-47DD-A4B2-447EB294C47C}.Debug|x86.Build.0 = Debug|Any CPU
		{A690FEE1-1186-47DD-A4B2-447EB294C47C}.Release|Any CPU.ActiveCfg = Release|Any CPU
		{A690FEE1-1186-47DD-A4B2-447EB294C47C}.Release|Any CPU.Build.0 = Release|Any CPU
		{A690FEE1-1186-47DD-A4B2-447EB294C47C}.Release|x64.ActiveCfg = Release|Any CPU
		{A690FEE1-1186-47DD-A4B2-447EB294C47C}.Release|x64.Build.0 = Release|Any CPU
		{A690FEE1-1186-47DD-A4B2-447EB294C47C}.Release|x86.ActiveCfg = Release|Any CPU
		{A690FEE1-1186-47DD-A4B2-447EB294C47C}.Release|x86.Build.0 = Release|Any CPU
		{2B785BCC-35A2-43AF-B2EC-6B8D4E898A3E}.Debug|Any CPU.ActiveCfg = Debug|Any CPU
		{2B785BCC-35A2-43AF-B2EC-6B8D4E898A3E}.Debug|Any CPU.Build.0 = Debug|Any CPU
		{2B785BCC-35A2-43AF-B2EC-6B8D4E898A3E}.Debug|x64.ActiveCfg = Debug|Any CPU
		{2B785BCC-35A2-43AF-B2EC-6B8D4E898A3E}.Debug|x64.Build.0 = Debug|Any CPU
		{2B785BCC-35A2-43AF-B2EC-6B8D4E898A3E}.Debug|x86.ActiveCfg = Debug|Any CPU
		{2B785BCC-35A2-43AF-B2EC-6B8D4E898A3E}.Debug|x86.Build.0 = Debug|Any CPU
		{2B785BCC-35A2-43AF-B2EC-6B8D4E898A3E}.Release|Any CPU.ActiveCfg = Release|Any CPU
		{2B785BCC-35A2-43AF-B2EC-6B8D4E898A3E}.Release|Any CPU.Build.0 = Release|Any CPU
		{2B785BCC-35A2-43AF-B2EC-6B8D4E898A3E}.Release|x64.ActiveCfg = Release|Any CPU
		{2B785BCC-35A2-43AF-B2EC-6B8D4E898A3E}.Release|x64.Build.0 = Release|Any CPU
		{2B785BCC-35A2-43AF-B2EC-6B8D4E898A3E}.Release|x86.ActiveCfg = Release|Any CPU
		{2B785BCC-35A2-43AF-B2EC-6B8D4E898A3E}.Release|x86.Build.0 = Release|Any CPU
		{E6E7C70D-716B-4A5B-9BAB-5F0F74B14DDD}.Debug|Any CPU.ActiveCfg = Debug|Any CPU
		{E6E7C70D-716B-4A5B-9BAB-5F0F74B14DDD}.Debug|Any CPU.Build.0 = Debug|Any CPU
		{E6E7C70D-716B-4A5B-9BAB-5F0F74B14DDD}.Debug|x64.ActiveCfg = Debug|Any CPU
		{E6E7C70D-716B-4A5B-9BAB-5F0F74B14DDD}.Debug|x64.Build.0 = Debug|Any CPU
		{E6E7C70D-716B-4A5B-9BAB-5F0F74B14DDD}.Debug|x86.ActiveCfg = Debug|Any CPU
		{E6E7C70D-716B-4A5B-9BAB-5F0F74B14DDD}.Debug|x86.Build.0 = Debug|Any CPU
		{E6E7C70D-716B-4A5B-9BAB-5F0F74B14DDD}.Release|Any CPU.ActiveCfg = Release|Any CPU
		{E6E7C70D-716B-4A5B-9BAB-5F0F74B14DDD}.Release|Any CPU.Build.0 = Release|Any CPU
		{E6E7C70D-716B-4A5B-9BAB-5F0F74B14DDD}.Release|x64.ActiveCfg = Release|Any CPU
		{E6E7C70D-716B-4A5B-9BAB-5F0F74B14DDD}.Release|x64.Build.0 = Release|Any CPU
		{E6E7C70D-716B-4A5B-9BAB-5F0F74B14DDD}.Release|x86.ActiveCfg = Release|Any CPU
		{E6E7C70D-716B-4A5B-9BAB-5F0F74B14DDD}.Release|x86.Build.0 = Release|Any CPU
		{8C35571A-5988-48C5-B629-094677E7549C}.Debug|Any CPU.ActiveCfg = Debug|Any CPU
		{8C35571A-5988-48C5-B629-094677E7549C}.Debug|Any CPU.Build.0 = Debug|Any CPU
		{8C35571A-5988-48C5-B629-094677E7549C}.Debug|x64.ActiveCfg = Debug|Any CPU
		{8C35571A-5988-48C5-B629-094677E7549C}.Debug|x64.Build.0 = Debug|Any CPU
		{8C35571A-5988-48C5-B629-094677E7549C}.Debug|x86.ActiveCfg = Debug|Any CPU
		{8C35571A-5988-48C5-B629-094677E7549C}.Debug|x86.Build.0 = Debug|Any CPU
		{8C35571A-5988-48C5-B629-094677E7549C}.Release|Any CPU.ActiveCfg = Release|Any CPU
		{8C35571A-5988-48C5-B629-094677E7549C}.Release|Any CPU.Build.0 = Release|Any CPU
		{8C35571A-5988-48C5-B629-094677E7549C}.Release|x64.ActiveCfg = Release|Any CPU
		{8C35571A-5988-48C5-B629-094677E7549C}.Release|x64.Build.0 = Release|Any CPU
		{8C35571A-5988-48C5-B629-094677E7549C}.Release|x86.ActiveCfg = Release|Any CPU
		{8C35571A-5988-48C5-B629-094677E7549C}.Release|x86.Build.0 = Release|Any CPU
		{9A4F4937-24BB-46B1-870A-F3B8E14336A0}.Debug|Any CPU.ActiveCfg = Debug|Any CPU
		{9A4F4937-24BB-46B1-870A-F3B8E14336A0}.Debug|Any CPU.Build.0 = Debug|Any CPU
		{9A4F4937-24BB-46B1-870A-F3B8E14336A0}.Debug|x64.ActiveCfg = Debug|Any CPU
		{9A4F4937-24BB-46B1-870A-F3B8E14336A0}.Debug|x64.Build.0 = Debug|Any CPU
		{9A4F4937-24BB-46B1-870A-F3B8E14336A0}.Debug|x86.ActiveCfg = Debug|Any CPU
		{9A4F4937-24BB-46B1-870A-F3B8E14336A0}.Debug|x86.Build.0 = Debug|Any CPU
		{9A4F4937-24BB-46B1-870A-F3B8E14336A0}.Release|Any CPU.ActiveCfg = Release|Any CPU
		{9A4F4937-24BB-46B1-870A-F3B8E14336A0}.Release|Any CPU.Build.0 = Release|Any CPU
		{9A4F4937-24BB-46B1-870A-F3B8E14336A0}.Release|x64.ActiveCfg = Release|Any CPU
		{9A4F4937-24BB-46B1-870A-F3B8E14336A0}.Release|x64.Build.0 = Release|Any CPU
		{9A4F4937-24BB-46B1-870A-F3B8E14336A0}.Release|x86.ActiveCfg = Release|Any CPU
		{9A4F4937-24BB-46B1-870A-F3B8E14336A0}.Release|x86.Build.0 = Release|Any CPU
		{54B3BCD7-BA37-4BC6-8AFE-CE486157FAFB}.Debug|Any CPU.ActiveCfg = Debug|Any CPU
		{54B3BCD7-BA37-4BC6-8AFE-CE486157FAFB}.Debug|Any CPU.Build.0 = Debug|Any CPU
		{54B3BCD7-BA37-4BC6-8AFE-CE486157FAFB}.Debug|x64.ActiveCfg = Debug|Any CPU
		{54B3BCD7-BA37-4BC6-8AFE-CE486157FAFB}.Debug|x64.Build.0 = Debug|Any CPU
		{54B3BCD7-BA37-4BC6-8AFE-CE486157FAFB}.Debug|x86.ActiveCfg = Debug|Any CPU
		{54B3BCD7-BA37-4BC6-8AFE-CE486157FAFB}.Debug|x86.Build.0 = Debug|Any CPU
		{54B3BCD7-BA37-4BC6-8AFE-CE486157FAFB}.Release|Any CPU.ActiveCfg = Release|Any CPU
		{54B3BCD7-BA37-4BC6-8AFE-CE486157FAFB}.Release|Any CPU.Build.0 = Release|Any CPU
		{54B3BCD7-BA37-4BC6-8AFE-CE486157FAFB}.Release|x64.ActiveCfg = Release|Any CPU
		{54B3BCD7-BA37-4BC6-8AFE-CE486157FAFB}.Release|x64.Build.0 = Release|Any CPU
		{54B3BCD7-BA37-4BC6-8AFE-CE486157FAFB}.Release|x86.ActiveCfg = Release|Any CPU
		{54B3BCD7-BA37-4BC6-8AFE-CE486157FAFB}.Release|x86.Build.0 = Release|Any CPU
		{AA393EC4-09CC-4D00-A4FC-D3E710DC6E64}.Debug|Any CPU.ActiveCfg = Debug|Any CPU
		{AA393EC4-09CC-4D00-A4FC-D3E710DC6E64}.Debug|Any CPU.Build.0 = Debug|Any CPU
		{AA393EC4-09CC-4D00-A4FC-D3E710DC6E64}.Debug|x64.ActiveCfg = Debug|Any CPU
		{AA393EC4-09CC-4D00-A4FC-D3E710DC6E64}.Debug|x64.Build.0 = Debug|Any CPU
		{AA393EC4-09CC-4D00-A4FC-D3E710DC6E64}.Debug|x86.ActiveCfg = Debug|Any CPU
		{AA393EC4-09CC-4D00-A4FC-D3E710DC6E64}.Debug|x86.Build.0 = Debug|Any CPU
		{AA393EC4-09CC-4D00-A4FC-D3E710DC6E64}.Release|Any CPU.ActiveCfg = Release|Any CPU
		{AA393EC4-09CC-4D00-A4FC-D3E710DC6E64}.Release|Any CPU.Build.0 = Release|Any CPU
		{AA393EC4-09CC-4D00-A4FC-D3E710DC6E64}.Release|x64.ActiveCfg = Release|Any CPU
		{AA393EC4-09CC-4D00-A4FC-D3E710DC6E64}.Release|x64.Build.0 = Release|Any CPU
		{AA393EC4-09CC-4D00-A4FC-D3E710DC6E64}.Release|x86.ActiveCfg = Release|Any CPU
		{AA393EC4-09CC-4D00-A4FC-D3E710DC6E64}.Release|x86.Build.0 = Release|Any CPU
		{037DD9B4-A5CE-4B67-B3AF-246A209B882A}.Debug|Any CPU.ActiveCfg = Debug|Any CPU
		{037DD9B4-A5CE-4B67-B3AF-246A209B882A}.Debug|Any CPU.Build.0 = Debug|Any CPU
		{037DD9B4-A5CE-4B67-B3AF-246A209B882A}.Debug|x64.ActiveCfg = Debug|Any CPU
		{037DD9B4-A5CE-4B67-B3AF-246A209B882A}.Debug|x64.Build.0 = Debug|Any CPU
		{037DD9B4-A5CE-4B67-B3AF-246A209B882A}.Debug|x86.ActiveCfg = Debug|Any CPU
		{037DD9B4-A5CE-4B67-B3AF-246A209B882A}.Debug|x86.Build.0 = Debug|Any CPU
		{037DD9B4-A5CE-4B67-B3AF-246A209B882A}.Release|Any CPU.ActiveCfg = Release|Any CPU
		{037DD9B4-A5CE-4B67-B3AF-246A209B882A}.Release|Any CPU.Build.0 = Release|Any CPU
		{037DD9B4-A5CE-4B67-B3AF-246A209B882A}.Release|x64.ActiveCfg = Release|Any CPU
		{037DD9B4-A5CE-4B67-B3AF-246A209B882A}.Release|x64.Build.0 = Release|Any CPU
		{037DD9B4-A5CE-4B67-B3AF-246A209B882A}.Release|x86.ActiveCfg = Release|Any CPU
		{037DD9B4-A5CE-4B67-B3AF-246A209B882A}.Release|x86.Build.0 = Release|Any CPU
		{E6608B22-B0E9-4001-B960-BE5F0A968EFB}.Debug|Any CPU.ActiveCfg = Debug|Any CPU
		{E6608B22-B0E9-4001-B960-BE5F0A968EFB}.Debug|Any CPU.Build.0 = Debug|Any CPU
		{E6608B22-B0E9-4001-B960-BE5F0A968EFB}.Debug|x64.ActiveCfg = Debug|Any CPU
		{E6608B22-B0E9-4001-B960-BE5F0A968EFB}.Debug|x64.Build.0 = Debug|Any CPU
		{E6608B22-B0E9-4001-B960-BE5F0A968EFB}.Debug|x86.ActiveCfg = Debug|Any CPU
		{E6608B22-B0E9-4001-B960-BE5F0A968EFB}.Debug|x86.Build.0 = Debug|Any CPU
		{E6608B22-B0E9-4001-B960-BE5F0A968EFB}.Release|Any CPU.ActiveCfg = Release|Any CPU
		{E6608B22-B0E9-4001-B960-BE5F0A968EFB}.Release|Any CPU.Build.0 = Release|Any CPU
		{E6608B22-B0E9-4001-B960-BE5F0A968EFB}.Release|x64.ActiveCfg = Release|Any CPU
		{E6608B22-B0E9-4001-B960-BE5F0A968EFB}.Release|x64.Build.0 = Release|Any CPU
		{E6608B22-B0E9-4001-B960-BE5F0A968EFB}.Release|x86.ActiveCfg = Release|Any CPU
		{E6608B22-B0E9-4001-B960-BE5F0A968EFB}.Release|x86.Build.0 = Release|Any CPU
		{9AAA9FFE-D366-4EF5-A725-EF7C01D1C005}.Debug|Any CPU.ActiveCfg = Debug|Any CPU
		{9AAA9FFE-D366-4EF5-A725-EF7C01D1C005}.Debug|Any CPU.Build.0 = Debug|Any CPU
		{9AAA9FFE-D366-4EF5-A725-EF7C01D1C005}.Debug|x64.ActiveCfg = Debug|Any CPU
		{9AAA9FFE-D366-4EF5-A725-EF7C01D1C005}.Debug|x64.Build.0 = Debug|Any CPU
		{9AAA9FFE-D366-4EF5-A725-EF7C01D1C005}.Debug|x86.ActiveCfg = Debug|Any CPU
		{9AAA9FFE-D366-4EF5-A725-EF7C01D1C005}.Debug|x86.Build.0 = Debug|Any CPU
		{9AAA9FFE-D366-4EF5-A725-EF7C01D1C005}.Release|Any CPU.ActiveCfg = Release|Any CPU
		{9AAA9FFE-D366-4EF5-A725-EF7C01D1C005}.Release|Any CPU.Build.0 = Release|Any CPU
		{9AAA9FFE-D366-4EF5-A725-EF7C01D1C005}.Release|x64.ActiveCfg = Release|Any CPU
		{9AAA9FFE-D366-4EF5-A725-EF7C01D1C005}.Release|x64.Build.0 = Release|Any CPU
		{9AAA9FFE-D366-4EF5-A725-EF7C01D1C005}.Release|x86.ActiveCfg = Release|Any CPU
		{9AAA9FFE-D366-4EF5-A725-EF7C01D1C005}.Release|x86.Build.0 = Release|Any CPU
		{CD922AC7-2CA1-4ED0-AD21-4BB2EEEC26D5}.Debug|Any CPU.ActiveCfg = Debug|Any CPU
		{CD922AC7-2CA1-4ED0-AD21-4BB2EEEC26D5}.Debug|Any CPU.Build.0 = Debug|Any CPU
		{CD922AC7-2CA1-4ED0-AD21-4BB2EEEC26D5}.Debug|x64.ActiveCfg = Debug|Any CPU
		{CD922AC7-2CA1-4ED0-AD21-4BB2EEEC26D5}.Debug|x64.Build.0 = Debug|Any CPU
		{CD922AC7-2CA1-4ED0-AD21-4BB2EEEC26D5}.Debug|x86.ActiveCfg = Debug|Any CPU
		{CD922AC7-2CA1-4ED0-AD21-4BB2EEEC26D5}.Debug|x86.Build.0 = Debug|Any CPU
		{CD922AC7-2CA1-4ED0-AD21-4BB2EEEC26D5}.Release|Any CPU.ActiveCfg = Release|Any CPU
		{CD922AC7-2CA1-4ED0-AD21-4BB2EEEC26D5}.Release|Any CPU.Build.0 = Release|Any CPU
		{CD922AC7-2CA1-4ED0-AD21-4BB2EEEC26D5}.Release|x64.ActiveCfg = Release|Any CPU
		{CD922AC7-2CA1-4ED0-AD21-4BB2EEEC26D5}.Release|x64.Build.0 = Release|Any CPU
		{CD922AC7-2CA1-4ED0-AD21-4BB2EEEC26D5}.Release|x86.ActiveCfg = Release|Any CPU
		{CD922AC7-2CA1-4ED0-AD21-4BB2EEEC26D5}.Release|x86.Build.0 = Release|Any CPU
	EndGlobalSection
	GlobalSection(SolutionProperties) = preSolution
		HideSolutionNode = FALSE
	EndGlobalSection
	GlobalSection(NestedProjects) = preSolution
		{991DDFE4-7C61-40BE-96AF-C00A9ECE723E} = {3D210F39-3AF8-46EF-9297-747A04F80183}
		{A97185EC-3344-44E5-AD1C-9A86A977638E} = {E2ECA683-FB1D-48DC-B17B-0CE14EA04B8E}
		{8B693BA1-6947-49CF-A7EF-B7EF23352120} = {E2ECA683-FB1D-48DC-B17B-0CE14EA04B8E}
		{A690FEE1-1186-47DD-A4B2-447EB294C47C} = {3D210F39-3AF8-46EF-9297-747A04F80183}
		{3D210F39-3AF8-46EF-9297-747A04F80183} = {27B26373-36F7-4D55-BBB3-79D08AFC8AEC}
		{E2ECA683-FB1D-48DC-B17B-0CE14EA04B8E} = {27B26373-36F7-4D55-BBB3-79D08AFC8AEC}
		{A494883E-8C73-4B15-957B-D8AF0A42DB0C} = {27B26373-36F7-4D55-BBB3-79D08AFC8AEC}
		{2B785BCC-35A2-43AF-B2EC-6B8D4E898A3E} = {3D210F39-3AF8-46EF-9297-747A04F80183}
		{E6E7C70D-716B-4A5B-9BAB-5F0F74B14DDD} = {3D210F39-3AF8-46EF-9297-747A04F80183}
		{8C35571A-5988-48C5-B629-094677E7549C} = {A494883E-8C73-4B15-957B-D8AF0A42DB0C}
		{9A4F4937-24BB-46B1-870A-F3B8E14336A0} = {A494883E-8C73-4B15-957B-D8AF0A42DB0C}
		{54B3BCD7-BA37-4BC6-8AFE-CE486157FAFB} = {A494883E-8C73-4B15-957B-D8AF0A42DB0C}
		{AA393EC4-09CC-4D00-A4FC-D3E710DC6E64} = {A494883E-8C73-4B15-957B-D8AF0A42DB0C}
		{037DD9B4-A5CE-4B67-B3AF-246A209B882A} = {3D210F39-3AF8-46EF-9297-747A04F80183}
		{E6608B22-B0E9-4001-B960-BE5F0A968EFB} = {A494883E-8C73-4B15-957B-D8AF0A42DB0C}
		{9AAA9FFE-D366-4EF5-A725-EF7C01D1C005} = {27B26373-36F7-4D55-BBB3-79D08AFC8AEC}
		{CD922AC7-2CA1-4ED0-AD21-4BB2EEEC26D5} = {3D210F39-3AF8-46EF-9297-747A04F80183}
	EndGlobalSection
	GlobalSection(ExtensibilityGlobals) = postSolution
		SolutionGuid = {7D6CE982-5A04-4AC3-BAA4-01B11C8BBB9E}
	EndGlobalSection
EndGlobal
